
Microsoft Visual Studio Solution File, Format Version 12.00
# Visual Studio Version 16
VisualStudioVersion = 16.0.31605.320
MinimumVisualStudioVersion = 10.0.40219.1
Project("{FAE04EC0-301F-11D3-BF4B-00C04F79EFBC}") = "KutuphaneProg", "KutuphaneProg\KutuphaneProg.csproj", "{7C13EC1A-096D-423D-859B-13713294CEBB}"
EndProject
Project("{FAE04EC0-301F-11D3-BF4B-00C04F79EFBC}") = "KutuphaneProg.Data", "KutuphaneProg.Data\KutuphaneProg.Data.csproj", "{886C944C-91CE-4636-A5AA-0CA0C11C6195}"
EndProject
Project("{FAE04EC0-301F-11D3-BF4B-00C04F79EFBC}") = "KutuphaneProg.Data.Model", "KutuphaneProg.Data.Model\KutuphaneProg.Data.Model.csproj", "{914A009B-55B8-4468-A5CE-A52CAD532F5F}"
EndProject
Global
	GlobalSection(SolutionConfigurationPlatforms) = preSolution
		Debug|Any CPU = Debug|Any CPU
		Release|Any CPU = Release|Any CPU
	EndGlobalSection
	GlobalSection(ProjectConfigurationPlatforms) = postSolution
		{7C13EC1A-096D-423D-859B-13713294CEBB}.Debug|Any CPU.ActiveCfg = Debug|Any CPU
		{7C13EC1A-096D-423D-859B-13713294CEBB}.Debug|Any CPU.Build.0 = Debug|Any CPU
		{7C13EC1A-096D-423D-859B-13713294CEBB}.Release|Any CPU.ActiveCfg = Release|Any CPU
		{7C13EC1A-096D-423D-859B-13713294CEBB}.Release|Any CPU.Build.0 = Release|Any CPU
		{886C944C-91CE-4636-A5AA-0CA0C11C6195}.Debug|Any CPU.ActiveCfg = Debug|Any CPU
		{886C944C-91CE-4636-A5AA-0CA0C11C6195}.Debug|Any CPU.Build.0 = Debug|Any CPU
		{886C944C-91CE-4636-A5AA-0CA0C11C6195}.Release|Any CPU.ActiveCfg = Release|Any CPU
		{886C944C-91CE-4636-A5AA-0CA0C11C6195}.Release|Any CPU.Build.0 = Release|Any CPU
		{914A009B-55B8-4468-A5CE-A52CAD532F5F}.Debug|Any CPU.ActiveCfg = Debug|Any CPU
		{914A009B-55B8-4468-A5CE-A52CAD532F5F}.Debug|Any CPU.Build.0 = Debug|Any CPU
		{914A009B-55B8-4468-A5CE-A52CAD532F5F}.Release|Any CPU.ActiveCfg = Release|Any CPU
		{914A009B-55B8-4468-A5CE-A52CAD532F5F}.Release|Any CPU.Build.0 = Release|Any CPU
	EndGlobalSection
	GlobalSection(SolutionProperties) = preSolution
		HideSolutionNode = FALSE
	EndGlobalSection
	GlobalSection(ExtensibilityGlobals) = postSolution
		SolutionGuid = {67D3E9E0-15FB-4050-888F-51642F12F14E}
	EndGlobalSection
EndGlobal
